Microsoft Visual Studio Solution File, Format Version 12.00
# Visual Studio Version 17
VisualStudioVersion = 17.5.2.0
MinimumVisualStudioVersion = 10.0.40219.1
Project("{FAE04EC0-301F-11D3-BF4B-00C04F79EFBC}") = "IdentifiableObject", "IdentifiableObject\IdentifiableObject.csproj", "{BADD1500-B715-975C-DBC0-4AD4A8724184}"
EndProject
Project("{FAE04EC0-301F-11D3-BF4B-00C04F79EFBC}") = "TestIdentifiableObject", "TestIdentifiableObject\TestIdentifiableObject.csproj", "{C06F2C38-C098-A36C-F192-3F6EC4B9FD05}"
EndProject
Global
	GlobalSection(SolutionConfigurationPlatforms) = preSolution
		Debug|Any CPU = Debug|Any CPU
		Release|Any CPU = Release|Any CPU
	EndGlobalSection
	GlobalSection(ProjectConfigurationPlatforms) = postSolution
		{BADD1500-B715-975C-DBC0-4AD4A8724184}.Debug|Any CPU.ActiveCfg = Debug|Any CPU
		{BADD1500-B715-975C-DBC0-4AD4A8724184}.Debug|Any CPU.Build.0 = Debug|Any CPU
		{BADD1500-B715-975C-DBC0-4AD4A8724184}.Release|Any CPU.ActiveCfg = Release|Any CPU
		{BADD1500-B715-975C-DBC0-4AD4A8724184}.Release|Any CPU.Build.0 = Release|Any CPU
		{C06F2C38-C098-A36C-F192-3F6EC4B9FD05}.Debug|Any CPU.ActiveCfg = Debug|Any CPU
		{C06F2C38-C098-A36C-F192-3F6EC4B9FD05}.Debug|Any CPU.Build.0 = Debug|Any CPU
		{C06F2C38-C098-A36C-F192-3F6EC4B9FD05}.Release|Any CPU.ActiveCfg = Release|Any CPU
		{C06F2C38-C098-A36C-F192-3F6EC4B9FD05}.Release|Any CPU.Build.0 = Release|Any CPU
	EndGlobalSection
	GlobalSection(SolutionProperties) = preSolution
		HideSolutionNode = FALSE
	EndGlobalSection
	GlobalSection(ExtensibilityGlobals) = postSolution
		SolutionGuid = {6E91CA62-D7ED-4F68-88D9-73620D987C8B}
	EndGlobalSection
EndGlobal
