Microsoft Visual Studio Solution File, Format Version 12.00
# Visual Studio Version 17
VisualStudioVersion = 17.5.2.0
MinimumVisualStudioVersion = 10.0.40219.1
Project("{FAE04EC0-301F-11D3-BF4B-00C04F79EFBC}") = "CounterTask", "CounterTask\CounterTask.csproj", "{47E66707-B10C-ABF9-40F1-E3309028FB3D}"
EndProject
Global
	GlobalSection(SolutionConfigurationPlatforms) = preSolution
		Debug|Any CPU = Debug|Any CPU
		Release|Any CPU = Release|Any CPU
	EndGlobalSection
	GlobalSection(ProjectConfigurationPlatforms) = postSolution
		{47E66707-B10C-ABF9-40F1-E3309028FB3D}.Debug|Any CPU.ActiveCfg = Debug|Any CPU
		{47E66707-B10C-ABF9-40F1-E3309028FB3D}.Debug|Any CPU.Build.0 = Debug|Any CPU
		{47E66707-B10C-ABF9-40F1-E3309028FB3D}.Release|Any CPU.ActiveCfg = Release|Any CPU
		{47E66707-B10C-ABF9-40F1-E3309028FB3D}.Release|Any CPU.Build.0 = Release|Any CPU
	EndGlobalSection
	GlobalSection(SolutionProperties) = preSolution
		HideSolutionNode = FALSE
	EndGlobalSection
	GlobalSection(ExtensibilityGlobals) = postSolution
		SolutionGuid = {C47A7846-0170-46D1-AE11-5F2C24DEE3D0}
	EndGlobalSection
EndGlobal
